// !$*UTF8*$!
{
	archiveVersion = 1;
	classes = {
	};
	objectVersion = 46;
	objects = {

/* Begin PBXBuildFile section */
		A3292DDE19D2C28000B1D4C8 /* AppDelegate.swift in Sources */ = {isa = PBXBuildFile; fileRef = A3292DDD19D2C28000B1D4C8 /* AppDelegate.swift */; };
		A3292DE619D2C28000B1D4C8 /* Main.storyboard in Resources */ = {isa = PBXBuildFile; fileRef = A3292DE419D2C28000B1D4C8 /* Main.storyboard */; };
		A3292DE819D2C28000B1D4C8 /* Images.xcassets in Resources */ = {isa = PBXBuildFile; fileRef = A3292DE719D2C28000B1D4C8 /* Images.xcassets */; };
		A3292DEB19D2C28000B1D4C8 /* LaunchScreen.xib in Resources */ = {isa = PBXBuildFile; fileRef = A3292DE919D2C28000B1D4C8 /* LaunchScreen.xib */; };
		A3292DF719D2C28000B1D4C8 /* CheckVistIOSTests.swift in Sources */ = {isa = PBXBuildFile; fileRef = A3292DF619D2C28000B1D4C8 /* CheckVistIOSTests.swift */; };
		A3292E7319D4052900B1D4C8 /* Alamofire.framework in Frameworks */ = {isa = PBXBuildFile; fileRef = A3292E6E19D3FFE600B1D4C8 /* Alamofire.framework */; };
		A3292E7519D4059300B1D4C8 /* Alamofire.framework in Copy Frameworks */ = {isa = PBXBuildFile; fileRef = A3292E6E19D3FFE600B1D4C8 /* Alamofire.framework */; settings = {ATTRIBUTES = (CodeSignOnCopy, RemoveHeadersOnCopy, ); }; };
		A33EAB9919EE883300CB6B5C /* ChecklistsViewController.swift in Sources */ = {isa = PBXBuildFile; fileRef = A33EAB9419EE883300CB6B5C /* ChecklistsViewController.swift */; };
		A33EAB9A19EE883300CB6B5C /* ListsTableViewCell.swift in Sources */ = {isa = PBXBuildFile; fileRef = A33EAB9519EE883300CB6B5C /* ListsTableViewCell.swift */; };
		A33EAB9B19EE883300CB6B5C /* SignInTextField.swift in Sources */ = {isa = PBXBuildFile; fileRef = A33EAB9619EE883300CB6B5C /* SignInTextField.swift */; };
		A33EAB9C19EE883300CB6B5C /* SignInViewController.swift in Sources */ = {isa = PBXBuildFile; fileRef = A33EAB9719EE883300CB6B5C /* SignInViewController.swift */; };
		A33EAB9D19EE883300CB6B5C /* TasksViewController.swift in Sources */ = {isa = PBXBuildFile; fileRef = A33EAB9819EE883300CB6B5C /* TasksViewController.swift */; };
		A33EABA619EE884400CB6B5C /* CheckVistIOS.xcdatamodeld in Sources */ = {isa = PBXBuildFile; fileRef = A33EAB9E19EE884400CB6B5C /* CheckVistIOS.xcdatamodeld */; };
		A33EABA719EE884400CB6B5C /* CoreDataHelper.swift in Sources */ = {isa = PBXBuildFile; fileRef = A33EABA019EE884400CB6B5C /* CoreDataHelper.swift */; };
		A33EABA819EE884400CB6B5C /* CoreDataManager.swift in Sources */ = {isa = PBXBuildFile; fileRef = A33EABA119EE884400CB6B5C /* CoreDataManager.swift */; };
		A33EABA919EE884400CB6B5C /* CoreDataStore.swift in Sources */ = {isa = PBXBuildFile; fileRef = A33EABA219EE884400CB6B5C /* CoreDataStore.swift */; };
		A33EABAA19EE884400CB6B5C /* List.swift in Sources */ = {isa = PBXBuildFile; fileRef = A33EABA319EE884400CB6B5C /* List.swift */; };
		A33EABAB19EE884400CB6B5C /* NFRCTableViewController.swift in Sources */ = {isa = PBXBuildFile; fileRef = A33EABA419EE884400CB6B5C /* NFRCTableViewController.swift */; };
		A33EABAC19EE884400CB6B5C /* Task.swift in Sources */ = {isa = PBXBuildFile; fileRef = A33EABA519EE884400CB6B5C /* Task.swift */; };
		A3D0E01D19E8E745004A4BA1 /* AlamofireManager.swift in Sources */ = {isa = PBXBuildFile; fileRef = A3D0E01C19E8E745004A4BA1 /* AlamofireManager.swift */; };
/* End PBXBuildFile section */

/* Begin PBXContainerItemProxy section */
		A3292DF119D2C28000B1D4C8 /* PBXContainerItemProxy */ = {
			isa = PBXContainerItemProxy;
			containerPortal = A3292DD019D2C28000B1D4C8 /* Project object */;
			proxyType = 1;
			remoteGlobalIDString = A3292DD719D2C28000B1D4C8;
			remoteInfo = CheckVistIOS;
		};
		A3292E6D19D3FFE600B1D4C8 /* PBXContainerItemProxy */ = {
			isa = PBXContainerItemProxy;
			containerPortal = A3292E6819D3FFE600B1D4C8 /* Alamofire.xcodeproj */;
			proxyType = 2;
			remoteGlobalIDString = F8111E3319A95C8B0040E7D1;
			remoteInfo = Alamofire;
		};
		A3292E6F19D3FFE600B1D4C8 /* PBXContainerItemProxy */ = {
			isa = PBXContainerItemProxy;
			containerPortal = A3292E6819D3FFE600B1D4C8 /* Alamofire.xcodeproj */;
			proxyType = 2;
			remoteGlobalIDString = F8111E3E19A95C8B0040E7D1;
			remoteInfo = AlamofireTests;
		};
		A3292E7119D4051100B1D4C8 /* PBXContainerItemProxy */ = {
			isa = PBXContainerItemProxy;
			containerPortal = A3292E6819D3FFE600B1D4C8 /* Alamofire.xcodeproj */;
			proxyType = 1;
			remoteGlobalIDString = F8111E3219A95C8B0040E7D1;
			remoteInfo = Alamofire;
		};
/* End PBXContainerItemProxy section */

/* Begin PBXCopyFilesBuildPhase section */
		A3292E7419D4054E00B1D4C8 /* Copy Frameworks */ = {
			isa = PBXCopyFilesBuildPhase;
			buildActionMask = 2147483647;
			dstPath = "";
			dstSubfolderSpec = 10;
			files = (
				A3292E7519D4059300B1D4C8 /* Alamofire.framework in Copy Frameworks */,
			);
			name = "Copy Frameworks";
			runOnlyForDeploymentPostprocessing = 0;
		};
/* End PBXCopyFilesBuildPhase section */

/* Begin PBXFileReference section */
		A3292DD819D2C28000B1D4C8 /* CheckVistIOS.app */ = {isa = PBXFileReference; explicitFileType = wrapper.application; includeInIndex = 0; path = CheckVistIOS.app; sourceTree = BUILT_PRODUCTS_DIR; };
		A3292DDC19D2C28000B1D4C8 /* Info.plist */ = {isa = PBXFileReference; lastKnownFileType = text.plist.xml; path = Info.plist; sourceTree = "<group>"; };
		A3292DDD19D2C28000B1D4C8 /* AppDelegate.swift */ = {isa = PBXFileReference; lastKnownFileType = sourcecode.swift; path = AppDelegate.swift; sourceTree = "<group>"; };
		A3292DE519D2C28000B1D4C8 /* Base */ = {isa = PBXFileReference; lastKnownFileType = file.storyboard; name = Base; path = Base.lproj/Main.storyboard; sourceTree = "<group>"; };
		A3292DE719D2C28000B1D4C8 /* Images.xcassets */ = {isa = PBXFileReference; lastKnownFileType = folder.assetcatalog; path = Images.xcassets; sourceTree = "<group>"; };
		A3292DEA19D2C28000B1D4C8 /* Base */ = {isa = PBXFileReference; lastKnownFileType = file.xib; name = Base; path = Base.lproj/LaunchScreen.xib; sourceTree = "<group>"; };
		A3292DF019D2C28000B1D4C8 /* CheckVistIOSTests.xctest */ = {isa = PBXFileReference; explicitFileType = wrapper.cfbundle; includeInIndex = 0; path = CheckVistIOSTests.xctest; sourceTree = BUILT_PRODUCTS_DIR; };
		A3292DF519D2C28000B1D4C8 /* Info.plist */ = {isa = PBXFileReference; lastKnownFileType = text.plist.xml; path = Info.plist; sourceTree = "<group>"; };
		A3292DF619D2C28000B1D4C8 /* CheckVistIOSTests.swift */ = {isa = PBXFileReference; lastKnownFileType = sourcecode.swift; path = CheckVistIOSTests.swift; sourceTree = "<group>"; };
		A3292E6819D3FFE600B1D4C8 /* Alamofire.xcodeproj */ = {isa = PBXFileReference; lastKnownFileType = "wrapper.pb-project"; name = Alamofire.xcodeproj; path = Alamofire/Alamofire.xcodeproj; sourceTree = "<group>"; };
		A33EAB9419EE883300CB6B5C /* ChecklistsViewController.swift */ = {isa = PBXFileReference; fileEncoding = 4; lastKnownFileType = sourcecode.swift; name = ChecklistsViewController.swift; path = UI/ChecklistsViewController.swift; sourceTree = "<group>"; };
		A33EAB9519EE883300CB6B5C /* ListsTableViewCell.swift */ = {isa = PBXFileReference; fileEncoding = 4; lastKnownFileType = sourcecode.swift; name = ListsTableViewCell.swift; path = UI/ListsTableViewCell.swift; sourceTree = "<group>"; };
		A33EAB9619EE883300CB6B5C /* SignInTextField.swift */ = {isa = PBXFileReference; fileEncoding = 4; lastKnownFileType = sourcecode.swift; name = SignInTextField.swift; path = UI/SignInTextField.swift; sourceTree = "<group>"; };
		A33EAB9719EE883300CB6B5C /* SignInViewController.swift */ = {isa = PBXFileReference; fileEncoding = 4; lastKnownFileType = sourcecode.swift; name = SignInViewController.swift; path = UI/SignInViewController.swift; sourceTree = "<group>"; };
		A33EAB9819EE883300CB6B5C /* TasksViewController.swift */ = {isa = PBXFileReference; fileEncoding = 4; lastKnownFileType = sourcecode.swift; name = TasksViewController.swift; path = UI/TasksViewController.swift; sourceTree = "<group>"; };
		A33EAB9F19EE884400CB6B5C /* CheckVistIOS.xcdatamodel */ = {isa = PBXFileReference; lastKnownFileType = wrapper.xcdatamodel; path = CheckVistIOS.xcdatamodel; sourceTree = "<group>"; };
		A33EABA019EE884400CB6B5C /* CoreDataHelper.swift */ = {isa = PBXFileReference; fileEncoding = 4; lastKnownFileType = sourcecode.swift; name = CoreDataHelper.swift; path = Model/CoreDataHelper.swift; sourceTree = "<group>"; };
		A33EABA119EE884400CB6B5C /* CoreDataManager.swift */ = {isa = PBXFileReference; fileEncoding = 4; lastKnownFileType = sourcecode.swift; name = CoreDataManager.swift; path = Model/CoreDataManager.swift; sourceTree = "<group>"; };
		A33EABA219EE884400CB6B5C /* CoreDataStore.swift */ = {isa = PBXFileReference; fileEncoding = 4; lastKnownFileType = sourcecode.swift; name = CoreDataStore.swift; path = Model/CoreDataStore.swift; sourceTree = "<group>"; };
		A33EABA319EE884400CB6B5C /* List.swift */ = {isa = PBXFileReference; fileEncoding = 4; lastKnownFileType = sourcecode.swift; name = List.swift; path = Model/List.swift; sourceTree = "<group>"; };
		A33EABA419EE884400CB6B5C /* NFRCTableViewController.swift */ = {isa = PBXFileReference; fileEncoding = 4; lastKnownFileType = sourcecode.swift; name = NFRCTableViewController.swift; path = Model/NFRCTableViewController.swift; sourceTree = "<group>"; };
		A33EABA519EE884400CB6B5C /* Task.swift */ = {isa = PBXFileReference; fileEncoding = 4; lastKnownFileType = sourcecode.swift; name = Task.swift; path = Model/Task.swift; sourceTree = "<group>"; };
		A3D0E01C19E8E745004A4BA1 /* AlamofireManager.swift */ = {isa = PBXFileReference; fileEncoding = 4; lastKnownFileType = sourcecode.swift; path = AlamofireManager.swift; sourceTree = "<group>"; };
/* End PBXFileReference section */

/* Begin PBXFrameworksBuildPhase section */
		A3292DD519D2C28000B1D4C8 /* Frameworks */ = {
			isa = PBXFrameworksBuildPhase;
			buildActionMask = 2147483647;
			files = (
				A3292E7319D4052900B1D4C8 /* Alamofire.framework in Frameworks */,
			);
			runOnlyForDeploymentPostprocessing = 0;
		};
		A3292DED19D2C28000B1D4C8 /* Frameworks */ = {
			isa = PBXFrameworksBuildPhase;
			buildActionMask = 2147483647;
			files = (
			);
			runOnlyForDeploymentPostprocessing = 0;
		};
/* End PBXFrameworksBuildPhase section */

/* Begin PBXGroup section */
		A3292DCF19D2C28000B1D4C8 = {
			isa = PBXGroup;
			children = (
				A3292DDA19D2C28000B1D4C8 /* CheckVistIOS */,
				A3292DF319D2C28000B1D4C8 /* CheckVistIOSTests */,
				A3292DD919D2C28000B1D4C8 /* Products */,
				A3292E6819D3FFE600B1D4C8 /* Alamofire.xcodeproj */,
			);
			sourceTree = "<group>";
		};
		A3292DD919D2C28000B1D4C8 /* Products */ = {
			isa = PBXGroup;
			children = (
				A3292DD819D2C28000B1D4C8 /* CheckVistIOS.app */,
				A3292DF019D2C28000B1D4C8 /* CheckVistIOSTests.xctest */,
			);
			name = Products;
			sourceTree = "<group>";
		};
		A3292DDA19D2C28000B1D4C8 /* CheckVistIOS */ = {
			isa = PBXGroup;
			children = (
				A3292DDD19D2C28000B1D4C8 /* AppDelegate.swift */,
				A3D0E01C19E8E745004A4BA1 /* AlamofireManager.swift */,
				A3AE4B9619ED7E9F008830B2 /* UI */,
				A3AE4B9719ED7ECD008830B2 /* Model */,
				A3292DDB19D2C28000B1D4C8 /* Supporting Files */,
			);
			path = CheckVistIOS;
			sourceTree = "<group>";
		};
		A3292DDB19D2C28000B1D4C8 /* Supporting Files */ = {
			isa = PBXGroup;
			children = (
				A3292DE719D2C28000B1D4C8 /* Images.xcassets */,
				A3292DDC19D2C28000B1D4C8 /* Info.plist */,
			);
			name = "Supporting Files";
			sourceTree = "<group>";
		};
		A3292DF319D2C28000B1D4C8 /* CheckVistIOSTests */ = {
			isa = PBXGroup;
			children = (
				A3292DF619D2C28000B1D4C8 /* CheckVistIOSTests.swift */,
				A3292DF419D2C28000B1D4C8 /* Supporting Files */,
			);
			path = CheckVistIOSTests;
			sourceTree = "<group>";
		};
		A3292DF419D2C28000B1D4C8 /* Supporting Files */ = {
			isa = PBXGroup;
			children = (
				A3292DF519D2C28000B1D4C8 /* Info.plist */,
			);
			name = "Supporting Files";
			sourceTree = "<group>";
		};
		A3292E6919D3FFE600B1D4C8 /* Products */ = {
			isa = PBXGroup;
			children = (
				A3292E6E19D3FFE600B1D4C8 /* Alamofire.framework */,
				A3292E7019D3FFE600B1D4C8 /* AlamofireTests.xctest */,
			);
			name = Products;
			sourceTree = "<group>";
		};
		A3AE4B9619ED7E9F008830B2 /* UI */ = {
			isa = PBXGroup;
			children = (
				A33EAB9419EE883300CB6B5C /* ChecklistsViewController.swift */,
				A33EAB9519EE883300CB6B5C /* ListsTableViewCell.swift */,
				A33EAB9619EE883300CB6B5C /* SignInTextField.swift */,
				A33EAB9719EE883300CB6B5C /* SignInViewController.swift */,
				A33EAB9819EE883300CB6B5C /* TasksViewController.swift */,
				A3292DE919D2C28000B1D4C8 /* LaunchScreen.xib */,
				A3292DE419D2C28000B1D4C8 /* Main.storyboard */,
			);
			name = UI;
			sourceTree = "<group>";
		};
		A3AE4B9719ED7ECD008830B2 /* Model */ = {
			isa = PBXGroup;
			children = (
				A33EAB9E19EE884400CB6B5C /* CheckVistIOS.xcdatamodeld */,
				A33EABA019EE884400CB6B5C /* CoreDataHelper.swift */,
				A33EABA119EE884400CB6B5C /* CoreDataManager.swift */,
				A33EABA219EE884400CB6B5C /* CoreDataStore.swift */,
				A33EABA319EE884400CB6B5C /* List.swift */,
				A33EABA419EE884400CB6B5C /* NFRCTableViewController.swift */,
				A33EABA519EE884400CB6B5C /* Task.swift */,
			);
			name = Model;
			sourceTree = "<group>";
		};
/* End PBXGroup section */

/* Begin PBXNativeTarget section */
		A3292DD719D2C28000B1D4C8 /* CheckVistIOS */ = {
			isa = PBXNativeTarget;
			buildConfigurationList = A3292DFA19D2C28000B1D4C8 /* Build configuration list for PBXNativeTarget "CheckVistIOS" */;
			buildPhases = (
				A3292DD419D2C28000B1D4C8 /* Sources */,
				A3292DD519D2C28000B1D4C8 /* Frameworks */,
				A3292DD619D2C28000B1D4C8 /* Resources */,
				A3292E7419D4054E00B1D4C8 /* Copy Frameworks */,
			);
			buildRules = (
			);
			dependencies = (
				A3292E7219D4051100B1D4C8 /* PBXTargetDependency */,
			);
			name = CheckVistIOS;
			productName = CheckVistIOS;
			productReference = A3292DD819D2C28000B1D4C8 /* CheckVistIOS.app */;
			productType = "com.apple.product-type.application";
		};
		A3292DEF19D2C28000B1D4C8 /* CheckVistIOSTests */ = {
			isa = PBXNativeTarget;
			buildConfigurationList = A3292DFD19D2C28000B1D4C8 /* Build configuration list for PBXNativeTarget "CheckVistIOSTests" */;
			buildPhases = (
				A3292DEC19D2C28000B1D4C8 /* Sources */,
				A3292DED19D2C28000B1D4C8 /* Frameworks */,
				A3292DEE19D2C28000B1D4C8 /* Resources */,
			);
			buildRules = (
			);
			dependencies = (
				A3292DF219D2C28000B1D4C8 /* PBXTargetDependency */,
			);
			name = CheckVistIOSTests;
			productName = CheckVistIOSTests;
			productReference = A3292DF019D2C28000B1D4C8 /* CheckVistIOSTests.xctest */;
			productType = "com.apple.product-type.bundle.unit-test";
		};
/* End PBXNativeTarget section */

/* Begin PBXProject section */
		A3292DD019D2C28000B1D4C8 /* Project object */ = {
			isa = PBXProject;
			attributes = {
				LastUpgradeCheck = 0600;
				ORGANIZATIONNAME = "Talk.to FZC";
				TargetAttributes = {
					A3292DD719D2C28000B1D4C8 = {
						CreatedOnToolsVersion = 6.0;
					};
					A3292DEF19D2C28000B1D4C8 = {
						CreatedOnToolsVersion = 6.0;
						TestTargetID = A3292DD719D2C28000B1D4C8;
					};
				};
			};
			buildConfigurationList = A3292DD319D2C28000B1D4C8 /* Build configuration list for PBXProject "CheckVistIOS" */;
			compatibilityVersion = "Xcode 3.2";
			developmentRegion = English;
			hasScannedForEncodings = 0;
			knownRegions = (
				en,
				Base,
			);
			mainGroup = A3292DCF19D2C28000B1D4C8;
			productRefGroup = A3292DD919D2C28000B1D4C8 /* Products */;
			projectDirPath = "";
			projectReferences = (
				{
					ProductGroup = A3292E6919D3FFE600B1D4C8 /* Products */;
					ProjectRef = A3292E6819D3FFE600B1D4C8 /* Alamofire.xcodeproj */;
				},
			);
			projectRoot = "";
			targets = (
				A3292DD719D2C28000B1D4C8 /* CheckVistIOS */,
				A3292DEF19D2C28000B1D4C8 /* CheckVistIOSTests */,
			);
		};
/* End PBXProject section */

/* Begin PBXReferenceProxy section */
		A3292E6E19D3FFE600B1D4C8 /* Alamofire.framework */ = {
			isa = PBXReferenceProxy;
			fileType = wrapper.framework;
			path = Alamofire.framework;
			remoteRef = A3292E6D19D3FFE600B1D4C8 /* PBXContainerItemProxy */;
			sourceTree = BUILT_PRODUCTS_DIR;
		};
		A3292E7019D3FFE600B1D4C8 /* AlamofireTests.xctest */ = {
			isa = PBXReferenceProxy;
			fileType = wrapper.cfbundle;
			path = AlamofireTests.xctest;
			remoteRef = A3292E6F19D3FFE600B1D4C8 /* PBXContainerItemProxy */;
			sourceTree = BUILT_PRODUCTS_DIR;
		};
/* End PBXReferenceProxy section */

/* Begin PBXResourcesBuildPhase section */
		A3292DD619D2C28000B1D4C8 /* Resources */ = {
			isa = PBXResourcesBuildPhase;
			buildActionMask = 2147483647;
			files = (
				A3292DE619D2C28000B1D4C8 /* Main.storyboard in Resources */,
				A3292DEB19D2C28000B1D4C8 /* LaunchScreen.xib in Resources */,
				A3292DE819D2C28000B1D4C8 /* Images.xcassets in Resources */,
			);
			runOnlyForDeploymentPostprocessing = 0;
		};
		A3292DEE19D2C28000B1D4C8 /* Resources */ = {
			isa = PBXResourcesBuildPhase;
			buildActionMask = 2147483647;
			files = (
			);
			runOnlyForDeploymentPostprocessing = 0;
		};
/* End PBXResourcesBuildPhase section */

/* Begin PBXSourcesBuildPhase section */
		A3292DD419D2C28000B1D4C8 /* Sources */ = {
			isa = PBXSourcesBuildPhase;
			buildActionMask = 2147483647;
			files = (
				A33EABAB19EE884400CB6B5C /* NFRCTableViewController.swift in Sources */,
				A33EABA619EE884400CB6B5C /* CheckVistIOS.xcdatamodeld in Sources */,
				A3D0E01D19E8E745004A4BA1 /* AlamofireManager.swift in Sources */,
				A33EAB9A19EE883300CB6B5C /* ListsTableViewCell.swift in Sources */,
				A33EABA919EE884400CB6B5C /* CoreDataStore.swift in Sources */,
				A33EAB9C19EE883300CB6B5C /* SignInViewController.swift in Sources */,
				A33EABAA19EE884400CB6B5C /* List.swift in Sources */,
				A33EAB9D19EE883300CB6B5C /* TasksViewController.swift in Sources */,
				A33EAB9919EE883300CB6B5C /* ChecklistsViewController.swift in Sources */,
				A33EABA719EE884400CB6B5C /* CoreDataHelper.swift in Sources */,
				A33EAB9B19EE883300CB6B5C /* SignInTextField.swift in Sources */,
				A33EABA819EE884400CB6B5C /* CoreDataManager.swift in Sources */,
				A33EABAC19EE884400CB6B5C /* Task.swift in Sources */,
				A3292DDE19D2C28000B1D4C8 /* AppDelegate.swift in Sources */,
			);
			runOnlyForDeploymentPostprocessing = 0;
		};
		A3292DEC19D2C28000B1D4C8 /* Sources */ = {
			isa = PBXSourcesBuildPhase;
			buildActionMask = 2147483647;
			files = (
				A3292DF719D2C28000B1D4C8 /* CheckVistIOSTests.swift in Sources */,
			);
			runOnlyForDeploymentPostprocessing = 0;
		};
/* End PBXSourcesBuildPhase section */

/* Begin PBXTargetDependency section */
		A3292DF219D2C28000B1D4C8 /* PBXTargetDependency */ = {
			isa = PBXTargetDependency;
			target = A3292DD719D2C28000B1D4C8 /* CheckVistIOS */;
			targetProxy = A3292DF119D2C28000B1D4C8 /* PBXContainerItemProxy */;
		};
		A3292E7219D4051100B1D4C8 /* PBXTargetDependency */ = {
			isa = PBXTargetDependency;
			name = Alamofire;
			targetProxy = A3292E7119D4051100B1D4C8 /* PBXContainerItemProxy */;
		};
/* End PBXTargetDependency section */

/* Begin PBXVariantGroup section */
		A3292DE419D2C28000B1D4C8 /* Main.storyboard */ = {
			isa = PBXVariantGroup;
			children = (
				A3292DE519D2C28000B1D4C8 /* Base */,
			);
			name = Main.storyboard;
			sourceTree = "<group>";
		};
		A3292DE919D2C28000B1D4C8 /* LaunchScreen.xib */ = {
			isa = PBXVariantGroup;
			children = (
				A3292DEA19D2C28000B1D4C8 /* Base */,
			);
			name = LaunchScreen.xib;
			sourceTree = "<group>";
		};
/* End PBXVariantGroup section */

/* Begin XCBuildConfiguration section */
		A3292DF819D2C28000B1D4C8 /* Debug */ = {
			isa = XCBuildConfiguration;
			buildSettings = {
				ALWAYS_SEARCH_USER_PATHS = NO;
				CLANG_CXX_LANGUAGE_STANDARD = "gnu++0x";
				CLANG_CXX_LIBRARY = "libc++";
				CLANG_ENABLE_MODULES = YES;
				CLANG_ENABLE_OBJC_ARC = YES;
				CLANG_WARN_BOOL_CONVERSION = YES;
				CLANG_WARN_CONSTANT_CONVERSION = YES;
				CLANG_WARN_DIRECT_OBJC_ISA_USAGE = YES_ERROR;
				CLANG_WARN_EMPTY_BODY = YES;
				CLANG_WARN_ENUM_CONVERSION = YES;
				CLANG_WARN_INT_CONVERSION = YES;
				CLANG_WARN_OBJC_ROOT_CLASS = YES_ERROR;
				CLANG_WARN_UNREACHABLE_CODE = YES;
				CLANG_WARN__DUPLICATE_METHOD_MATCH = YES;
				"CODE_SIGN_IDENTITY[sdk=iphoneos*]" = "iPhone Developer";
				COPY_PHASE_STRIP = NO;
				ENABLE_STRICT_OBJC_MSGSEND = YES;
				GCC_C_LANGUAGE_STANDARD = gnu99;
				GCC_DYNAMIC_NO_PIC = NO;
				GCC_OPTIMIZATION_LEVEL = 0;
				GCC_PREPROCESSOR_DEFINITIONS = (
					"DEBUG=1",
					"$(inherited)",
				);
				GCC_SYMBOLS_PRIVATE_EXTERN = NO;
				GCC_WARN_64_TO_32_BIT_CONVERSION = YES;
				GCC_WARN_ABOUT_RETURN_TYPE = YES_ERROR;
				GCC_WARN_UNDECLARED_SELECTOR = YES;
				GCC_WARN_UNINITIALIZED_AUTOS = YES_AGGRESSIVE;
				GCC_WARN_UNUSED_FUNCTION = YES;
				GCC_WARN_UNUSED_VARIABLE = YES;
				IPHONEOS_DEPLOYMENT_TARGET = 8.0;
				MTL_ENABLE_DEBUG_INFO = YES;
				ONLY_ACTIVE_ARCH = YES;
				SDKROOT = iphoneos;
				SWIFT_OPTIMIZATION_LEVEL = "-Onone";
				TARGETED_DEVICE_FAMILY = "1,2";
			};
			name = Debug;
		};
		A3292DF919D2C28000B1D4C8 /* Release */ = {
			isa = XCBuildConfiguration;
			buildSettings = {
				ALWAYS_SEARCH_USER_PATHS = NO;
				CLANG_CXX_LANGUAGE_STANDARD = "gnu++0x";
				CLANG_CXX_LIBRARY = "libc++";
				CLANG_ENABLE_MODULES = YES;
				CLANG_ENABLE_OBJC_ARC = YES;
				CLANG_WARN_BOOL_CONVERSION = YES;
				CLANG_WARN_CONSTANT_CONVERSION = YES;
				CLANG_WARN_DIRECT_OBJC_ISA_USAGE = YES_ERROR;
				CLANG_WARN_EMPTY_BODY = YES;
				CLANG_WARN_ENUM_CONVERSION = YES;
				CLANG_WARN_INT_CONVERSION = YES;
				CLANG_WARN_OBJC_ROOT_CLASS = YES_ERROR;
				CLANG_WARN_UNREACHABLE_CODE = YES;
				CLANG_WARN__DUPLICATE_METHOD_MATCH = YES;
				"CODE_SIGN_IDENTITY[sdk=iphoneos*]" = "iPhone Developer";
				COPY_PHASE_STRIP = YES;
				ENABLE_NS_ASSERTIONS = NO;
				ENABLE_STRICT_OBJC_MSGSEND = YES;
				GCC_C_LANGUAGE_STANDARD = gnu99;
				GCC_WARN_64_TO_32_BIT_CONVERSION = YES;
				GCC_WARN_ABOUT_RETURN_TYPE = YES_ERROR;
				GCC_WARN_UNDECLARED_SELECTOR = YES;
				GCC_WARN_UNINITIALIZED_AUTOS = YES_AGGRESSIVE;
				GCC_WARN_UNUSED_FUNCTION = YES;
				GCC_WARN_UNUSED_VARIABLE = YES;
				IPHONEOS_DEPLOYMENT_TARGET = 8.0;
				MTL_ENABLE_DEBUG_INFO = NO;
				SDKROOT = iphoneos;
				TARGETED_DEVICE_FAMILY = "1,2";
				VALIDATE_PRODUCT = YES;
			};
			name = Release;
		};
		A3292DFB19D2C28000B1D4C8 /* Debug */ = {
			isa = XCBuildConfiguration;
			buildSettings = {
				ASSETCATALOG_COMPILER_APPICON_NAME = AppIcon;
				INFOPLIST_FILE = CheckVistIOS/Info.plist;
				LD_RUNPATH_SEARCH_PATHS = "$(inherited) @executable_path/Frameworks";
				PRODUCT_NAME = "$(TARGET_NAME)";
			};
			name = Debug;
		};
		A3292DFC19D2C28000B1D4C8 /* Release */ = {
			isa = XCBuildConfiguration;
			buildSettings = {
				ASSETCATALOG_COMPILER_APPICON_NAME = AppIcon;
				INFOPLIST_FILE = CheckVistIOS/Info.plist;
				LD_RUNPATH_SEARCH_PATHS = "$(inherited) @executable_path/Frameworks";
				PRODUCT_NAME = "$(TARGET_NAME)";
			};
			name = Release;
		};
		A3292DFE19D2C28000B1D4C8 /* Debug */ = {
			isa = XCBuildConfiguration;
			buildSettings = {
				BUNDLE_LOADER = "$(TEST_HOST)";
				FRAMEWORK_SEARCH_PATHS = (
					"$(SDKROOT)/Developer/Library/Frameworks",
					"$(inherited)",
				);
				GCC_PREPROCESSOR_DEFINITIONS = (
					"DEBUG=1",
					"$(inherited)",
				);
				INFOPLIST_FILE = CheckVistIOSTests/Info.plist;
				LD_RUNPATH_SEARCH_PATHS = "$(inherited) @executable_path/Frameworks @loader_path/Frameworks";
				PRODUCT_NAME = "$(TARGET_NAME)";
				TEST_HOST = "$(BUILT_PRODUCTS_DIR)/CheckVistIOS.app/CheckVistIOS";
			};
			name = Debug;
		};
		A3292DFF19D2C28000B1D4C8 /* Release */ = {
			isa = XCBuildConfiguration;
			buildSettings = {
				BUNDLE_LOADER = "$(TEST_HOST)";
				FRAMEWORK_SEARCH_PATHS = (
					"$(SDKROOT)/Developer/Library/Frameworks",
					"$(inherited)",
				);
				INFOPLIST_FILE = CheckVistIOSTests/Info.plist;
				LD_RUNPATH_SEARCH_PATHS = "$(inherited) @executable_path/Frameworks @loader_path/Frameworks";
				PRODUCT_NAME = "$(TARGET_NAME)";
				TEST_HOST = "$(BUILT_PRODUCTS_DIR)/CheckVistIOS.app/CheckVistIOS";
			};
			name = Release;
		};
/* End XCBuildConfiguration section */

/* Begin XCConfigurationList section */
		A3292DD319D2C28000B1D4C8 /* Build configuration list for PBXProject "CheckVistIOS" */ = {
			isa = XCConfigurationList;
			buildConfigurations = (
				A3292DF819D2C28000B1D4C8 /* Debug */,
				A3292DF919D2C28000B1D4C8 /* Release */,
			);
			defaultConfigurationIsVisible = 0;
			defaultConfigurationName = Release;
		};
		A3292DFA19D2C28000B1D4C8 /* Build configuration list for PBXNativeTarget "CheckVistIOS" */ = {
			isa = XCConfigurationList;
			buildConfigurations = (
				A3292DFB19D2C28000B1D4C8 /* Debug */,
				A3292DFC19D2C28000B1D4C8 /* Release */,
			);
			defaultConfigurationIsVisible = 0;
			defaultConfigurationName = Release;
		};
		A3292DFD19D2C28000B1D4C8 /* Build configuration list for PBXNativeTarget "CheckVistIOSTests" */ = {
			isa = XCConfigurationList;
			buildConfigurations = (
				A3292DFE19D2C28000B1D4C8 /* Debug */,
				A3292DFF19D2C28000B1D4C8 /* Release */,
			);
			defaultConfigurationIsVisible = 0;
			defaultConfigurationName = Release;
		};
/* End XCConfigurationList section */

/* Begin XCVersionGroup section */
		A33EAB9E19EE884400CB6B5C /* CheckVistIOS.xcdatamodeld */ = {
			isa = XCVersionGroup;
			children = (
				A33EAB9F19EE884400CB6B5C /* CheckVistIOS.xcdatamodel */,
			);
			currentVersion = A33EAB9F19EE884400CB6B5C /* CheckVistIOS.xcdatamodel */;
			name = CheckVistIOS.xcdatamodeld;
			path = Model/CheckVistIOS.xcdatamodeld;
			sourceTree = "<group>";
			versionGroupType = wrapper.xcdatamodel;
		};
/* End XCVersionGroup section */
	};
	rootObject = A3292DD019D2C28000B1D4C8 /* Project object */;
}
